// !$*UTF8*$!
{
	archiveVersion = 1;
	classes = {
	};
	objectVersion = 55;
	objects = {

/* Begin PBXBuildFile section */
		CB64E37F2866F67A00F898E5 /* AppDelegate.swift in Sources */ = {isa = PBXBuildFile; fileRef = CB64E37E2866F67A00F898E5 /* AppDelegate.swift */; };
		CB64E3812866F67A00F898E5 /* SceneDelegate.swift in Sources */ = {isa = PBXBuildFile; fileRef = CB64E3802866F67A00F898E5 /* SceneDelegate.swift */; };
		CB64E3832866F67A00F898E5 /* ViewController.swift in Sources */ = {isa = PBXBuildFile; fileRef = CB64E3822866F67A00F898E5 /* ViewController.swift */; };
		CB64E3862866F67A00F898E5 /* Main.storyboard in Resources */ = {isa = PBXBuildFile; fileRef = CB64E3842866F67A00F898E5 /* Main.storyboard */; };
		CB64E3882866F67C00F898E5 /* Assets.xcassets in Resources */ = {isa = PBXBuildFile; fileRef = CB64E3872866F67C00F898E5 /* Assets.xcassets */; };
		CB64E38B2866F67C00F898E5 /* LaunchScreen.storyboard in Resources */ = {isa = PBXBuildFile; fileRef = CB64E3892866F67C00F898E5 /* LaunchScreen.storyboard */; };
		CB64E3AA2867977A00F898E5 /* Sounds in Resources */ = {isa = PBXBuildFile; fileRef = CB64E3A92867977A00F898E5 /* Sounds */; };
		CB64E3B42867984D00F898E5 /* G.wav in Resources */ = {isa = PBXBuildFile; fileRef = CB64E3AD2867984D00F898E5 /* G.wav */; };
		CB64E3B52867984D00F898E5 /* B.wav in Resources */ = {isa = PBXBuildFile; fileRef = CB64E3AE2867984D00F898E5 /* B.wav */; };
		CB64E3B62867984D00F898E5 /* E.wav in Resources */ = {isa = PBXBuildFile; fileRef = CB64E3AF2867984D00F898E5 /* E.wav */; };
		CB64E3B72867984D00F898E5 /* D.wav in Resources */ = {isa = PBXBuildFile; fileRef = CB64E3B02867984D00F898E5 /* D.wav */; };
		CB64E3B82867984D00F898E5 /* A.wav in Resources */ = {isa = PBXBuildFile; fileRef = CB64E3B12867984D00F898E5 /* A.wav */; };
		CB64E3B92867984D00F898E5 /* F.wav in Resources */ = {isa = PBXBuildFile; fileRef = CB64E3B22867984D00F898E5 /* F.wav */; };
		CB64E3BA2867984D00F898E5 /* C.wav in Resources */ = {isa = PBXBuildFile; fileRef = CB64E3B32867984D00F898E5 /* C.wav */; };
/* End PBXBuildFile section */

/* Begin PBXFileReference section */
		CB64E37B2866F67A00F898E5 /* Xylophone.app */ = {isa = PBXFileReference; explicitFileType = wrapper.application; includeInIndex = 0; path = Xylophone.app; sourceTree = BUILT_PRODUCTS_DIR; };
		CB64E37E2866F67A00F898E5 /* AppDelegate.swift */ = {isa = PBXFileReference; lastKnownFileType = sourcecode.swift; path = AppDelegate.swift; sourceTree = "<group>"; };
		CB64E3802866F67A00F898E5 /* SceneDelegate.swift */ = {isa = PBXFileReference; lastKnownFileType = sourcecode.swift; path = SceneDelegate.swift; sourceTree = "<group>"; };
		CB64E3822866F67A00F898E5 /* ViewController.swift */ = {isa = PBXFileReference; lastKnownFileType = sourcecode.swift; path = ViewController.swift; sourceTree = "<group>"; };
		CB64E3852866F67A00F898E5 /* Base */ = {isa = PBXFileReference; lastKnownFileType = file.storyboard; name = Base; path = Base.lproj/Main.storyboard; sourceTree = "<group>"; };
		CB64E3872866F67C00F898E5 /* Assets.xcassets */ = {isa = PBXFileReference; lastKnownFileType = folder.assetcatalog; path = Assets.xcassets; sourceTree = "<group>"; };
		CB64E38A2866F67C00F898E5 /* Base */ = {isa = PBXFileReference; lastKnownFileType = file.storyboard; name = Base; path = Base.lproj/LaunchScreen.storyboard; sourceTree = "<group>"; };
		CB64E38C2866F67C00F898E5 /* Info.plist */ = {isa = PBXFileReference; lastKnownFileType = text.plist.xml; path = Info.plist; sourceTree = "<group>"; };
		CB64E3A92867977A00F898E5 /* Sounds */ = {isa = PBXFileReference; lastKnownFileType = folder; name = Sounds; path = ../../../.Trash/Sounds; sourceTree = "<group>"; };
		CB64E3AD2867984D00F898E5 /* G.wav */ = {isa = PBXFileReference; lastKnownFileType = audio.wav; name = G.wav; path = "../Xylophone-iOS13-Completed/Xylophone/Sounds/G.wav"; sourceTree = "<group>"; };
		CB64E3AE2867984D00F898E5 /* B.wav */ = {isa = PBXFileReference; lastKnownFileType = audio.wav; name = B.wav; path = "../Xylophone-iOS13-Completed/Xylophone/Sounds/B.wav"; sourceTree = "<group>"; };
		CB64E3AF2867984D00F898E5 /* E.wav */ = {isa = PBXFileReference; lastKnownFileType = audio.wav; name = E.wav; path = "../Xylophone-iOS13-Completed/Xylophone/Sounds/E.wav"; sourceTree = "<group>"; };
		CB64E3B02867984D00F898E5 /* D.wav */ = {isa = PBXFileReference; lastKnownFileType = audio.wav; name = D.wav; path = "../Xylophone-iOS13-Completed/Xylophone/Sounds/D.wav"; sourceTree = "<group>"; };
		CB64E3B12867984D00F898E5 /* A.wav */ = {isa = PBXFileReference; lastKnownFileType = audio.wav; name = A.wav; path = "../Xylophone-iOS13-Completed/Xylophone/Sounds/A.wav"; sourceTree = "<group>"; };
		CB64E3B22867984D00F898E5 /* F.wav */ = {isa = PBXFileReference; lastKnownFileType = audio.wav; name = F.wav; path = "../Xylophone-iOS13-Completed/Xylophone/Sounds/F.wav"; sourceTree = "<group>"; };
		CB64E3B32867984D00F898E5 /* C.wav */ = {isa = PBXFileReference; lastKnownFileType = audio.wav; name = C.wav; path = "../Xylophone-iOS13-Completed/Xylophone/Sounds/C.wav"; sourceTree = "<group>"; };
/* End PBXFileReference section */

/* Begin PBXFrameworksBuildPhase section */
		CB64E3782866F67A00F898E5 /* Frameworks */ = {
			isa = PBXFrameworksBuildPhase;
			buildActionMask = 2147483647;
			files = (
			);
			runOnlyForDeploymentPostprocessing = 0;
		};
/* End PBXFrameworksBuildPhase section */

/* Begin PBXGroup section */
		CB64E3722866F67A00F898E5 = {
			isa = PBXGroup;
			children = (
				CB64E3B12867984D00F898E5 /* A.wav */,
				CB64E3AE2867984D00F898E5 /* B.wav */,
				CB64E3B32867984D00F898E5 /* C.wav */,
				CB64E3B02867984D00F898E5 /* D.wav */,
				CB64E3AF2867984D00F898E5 /* E.wav */,
				CB64E3B22867984D00F898E5 /* F.wav */,
				CB64E3AD2867984D00F898E5 /* G.wav */,
				CB64E37D2866F67A00F898E5 /* Xylophone */,
				CB64E37C2866F67A00F898E5 /* Products */,
			);
			sourceTree = "<group>";
		};
		CB64E37C2866F67A00F898E5 /* Products */ = {
			isa = PBXGroup;
			children = (
				CB64E37B2866F67A00F898E5 /* Xylophone.app */,
			);
			name = Products;
			sourceTree = "<group>";
		};
		CB64E37D2866F67A00F898E5 /* Xylophone */ = {
			isa = PBXGroup;
			children = (
				CB64E37E2866F67A00F898E5 /* AppDelegate.swift */,
				CB64E3802866F67A00F898E5 /* SceneDelegate.swift */,
				CB64E3822866F67A00F898E5 /* ViewController.swift */,
				CB64E3842866F67A00F898E5 /* Main.storyboard */,
				CB64E3872866F67C00F898E5 /* Assets.xcassets */,
				CB64E3892866F67C00F898E5 /* LaunchScreen.storyboard */,
				CB64E38C2866F67C00F898E5 /* Info.plist */,
				CB64E3A92867977A00F898E5 /* Sounds */,
			);
			path = Xylophone;
			sourceTree = "<group>";
		};
/* End PBXGroup section */

/* Begin PBXNativeTarget section */
		CB64E37A2866F67A00F898E5 /* Xylophone */ = {
			isa = PBXNativeTarget;
			buildConfigurationList = CB64E38F2866F67C00F898E5 /* Build configuration list for PBXNativeTarget "Xylophone" */;
			buildPhases = (
				CB64E3772866F67A00F898E5 /* Sources */,
				CB64E3782866F67A00F898E5 /* Frameworks */,
				CB64E3792866F67A00F898E5 /* Resources */,
			);
			buildRules = (
			);
			dependencies = (
			);
			name = Xylophone;
			productName = Xylophone;
			productReference = CB64E37B2866F67A00F898E5 /* Xylophone.app */;
			productType = "com.apple.product-type.application";
		};
/* End PBXNativeTarget section */

/* Begin PBXProject section */
		CB64E3732866F67A00F898E5 /* Project object */ = {
			isa = PBXProject;
			attributes = {
				BuildIndependentTargetsInParallel = 1;
				LastSwiftUpdateCheck = 1340;
				LastUpgradeCheck = 1340;
				TargetAttributes = {
					CB64E37A2866F67A00F898E5 = {
						CreatedOnToolsVersion = 13.4.1;
					};
				};
			};
			buildConfigurationList = CB64E3762866F67A00F898E5 /* Build configuration list for PBXProject "Xylophone" */;
			compatibilityVersion = "Xcode 13.0";
			developmentRegion = en;
			hasScannedForEncodings = 0;
			knownRegions = (
				en,
				Base,
			);
			mainGroup = CB64E3722866F67A00F898E5;
			productRefGroup = CB64E37C2866F67A00F898E5 /* Products */;
			projectDirPath = "";
			projectRoot = "";
			targets = (
				CB64E37A2866F67A00F898E5 /* Xylophone */,
			);
		};
/* End PBXProject section */

/* Begin PBXResourcesBuildPhase section */
		CB64E3792866F67A00F898E5 /* Resources */ = {
			isa = PBXResourcesBuildPhase;
			buildActionMask = 2147483647;
			files = (
				CB64E3B42867984D00F898E5 /* G.wav in Resources */,
				CB64E3B52867984D00F898E5 /* B.wav in Resources */,
				CB64E3B62867984D00F898E5 /* E.wav in Resources */,
				CB64E3B72867984D00F898E5 /* D.wav in Resources */,
				CB64E3B82867984D00F898E5 /* A.wav in Resources */,
				CB64E3B92867984D00F898E5 /* F.wav in Resources */,
				CB64E3BA2867984D00F898E5 /* C.wav in Resources */,
				CB64E38B2866F67C00F898E5 /* LaunchScreen.storyboard in Resources */,
				CB64E3882866F67C00F898E5 /* Assets.xcassets in Resources */,
				CB64E3AA2867977A00F898E5 /* Sounds in Resources */,
				CB64E3862866F67A00F898E5 /* Main.storyboard in Resources */,
			);
			runOnlyForDeploymentPostprocessing = 0;
		};
/* End PBXResourcesBuildPhase section */

/* Begin PBXSourcesBuildPhase section */
		CB64E3772866F67A00F898E5 /* Sources */ = {
			isa = PBXSourcesBuildPhase;
			buildActionMask = 2147483647;
			files = (
				CB64E3832866F67A00F898E5 /* ViewController.swift in Sources */,
				CB64E37F2866F67A00F898E5 /* AppDelegate.swift in Sources */,
				CB64E3812866F67A00F898E5 /* SceneDelegate.swift in Sources */,
			);
			runOnlyForDeploymentPostprocessing = 0;
		};
/* End PBXSourcesBuildPhase section */

/* Begin PBXVariantGroup section */
		CB64E3842866F67A00F898E5 /* Main.storyboard */ = {
			isa = PBXVariantGroup;
			children = (
				CB64E3852866F67A00F898E5 /* Base */,
			);
			name = Main.storyboard;
			sourceTree = "<group>";
		};
		CB64E3892866F67C00F898E5 /* LaunchScreen.storyboard */ = {
			isa = PBXVariantGroup;
			children = (
				CB64E38A2866F67C00F898E5 /* Base */,
			);
			name = LaunchScreen.storyboard;
			sourceTree = "<group>";
		};
/* End PBXVariantGroup section */

/* Begin XCBuildConfiguration section */
		CB64E38D2866F67C00F898E5 /* Debug */ = {
			isa = XCBuildConfiguration;
			buildSettings = {
				ALWAYS_SEARCH_USER_PATHS = NO;
				CLANG_ANALYZER_NONNULL = YES;
				CLANG_ANALYZER_NUMBER_OBJECT_CONVERSION = YES_AGGRESSIVE;
				CLANG_CXX_LANGUAGE_STANDARD = "gnu++17";
				CLANG_ENABLE_MODULES = YES;
				CLANG_ENABLE_OBJC_ARC = YES;
				CLANG_ENABLE_OBJC_WEAK = YES;
				CLANG_WARN_BLOCK_CAPTURE_AUTORELEASING = YES;
				CLANG_WARN_BOOL_CONVERSION = YES;
				CLANG_WARN_COMMA = YES;
				CLANG_WARN_CONSTANT_CONVERSION = YES;
				CLANG_WARN_DEPRECATED_OBJC_IMPLEMENTATIONS = YES;
				CLANG_WARN_DIRECT_OBJC_ISA_USAGE = YES_ERROR;
				CLANG_WARN_DOCUMENTATION_COMMENTS = YES;
				CLANG_WARN_EMPTY_BODY = YES;
				CLANG_WARN_ENUM_CONVERSION = YES;
				CLANG_WARN_INFINITE_RECURSION = YES;
				CLANG_WARN_INT_CONVERSION = YES;
				CLANG_WARN_NON_LITERAL_NULL_CONVERSION = YES;
				CLANG_WARN_OBJC_IMPLICIT_RETAIN_SELF = YES;
				CLANG_WARN_OBJC_LITERAL_CONVERSION = YES;
				CLANG_WARN_OBJC_ROOT_CLASS = YES_ERROR;
				CLANG_WARN_QUOTED_INCLUDE_IN_FRAMEWORK_HEADER = YES;
				CLANG_WARN_RANGE_LOOP_ANALYSIS = YES;
				CLANG_WARN_STRICT_PROTOTYPES = YES;
				CLANG_WARN_SUSPICIOUS_MOVE = YES;
				CLANG_WARN_UNGUARDED_AVAILABILITY = YES_AGGRESSIVE;
				CLANG_WARN_UNREACHABLE_CODE = YES;
				CLANG_WARN__DUPLICATE_METHOD_MATCH = YES;
				COPY_PHASE_STRIP = NO;
				DEBUG_INFORMATION_FORMAT = dwarf;
				ENABLE_STRICT_OBJC_MSGSEND = YES;
				ENABLE_TESTABILITY = YES;
				GCC_C_LANGUAGE_STANDARD = gnu11;
				GCC_DYNAMIC_NO_PIC = NO;
				GCC_NO_COMMON_BLOCKS = YES;
				GCC_OPTIMIZATION_LEVEL = 0;
				GCC_PREPROCESSOR_DEFINITIONS = (
					"DEBUG=1",
					"$(inherited)",
				);
				GCC_WARN_64_TO_32_BIT_CONVERSION = YES;
				GCC_WARN_ABOUT_RETURN_TYPE = YES_ERROR;
				GCC_WARN_UNDECLARED_SELECTOR = YES;
				GCC_WARN_UNINITIALIZED_AUTOS = YES_AGGRESSIVE;
				GCC_WARN_UNUSED_FUNCTION = YES;
				GCC_WARN_UNUSED_VARIABLE = YES;
				IPHONEOS_DEPLOYMENT_TARGET = 15.5;
				MTL_ENABLE_DEBUG_INFO = INCLUDE_SOURCE;
				MTL_FAST_MATH = YES;
				ONLY_ACTIVE_ARCH = YES;
				SDKROOT = iphoneos;
				SWIFT_ACTIVE_COMPILATION_CONDITIONS = DEBUG;
				SWIFT_OPTIMIZATION_LEVEL = "-Onone";
			};
			name = Debug;
		};
		CB64E38E2866F67C00F898E5 /* Release */ = {
			isa = XCBuildConfiguration;
			buildSettings = {
				ALWAYS_SEARCH_USER_PATHS = NO;
				CLANG_ANALYZER_NONNULL = YES;
				CLANG_ANALYZER_NUMBER_OBJECT_CONVERSION = YES_AGGRESSIVE;
				CLANG_CXX_LANGUAGE_STANDARD = "gnu++17";
				CLANG_ENABLE_MODULES = YES;
				CLANG_ENABLE_OBJC_ARC = YES;
				CLANG_ENABLE_OBJC_WEAK = YES;
				CLANG_WARN_BLOCK_CAPTURE_AUTORELEASING = YES;
				CLANG_WARN_BOOL_CONVERSION = YES;
				CLANG_WARN_COMMA = YES;
				CLANG_WARN_CONSTANT_CONVERSION = YES;
				CLANG_WARN_DEPRECATED_OBJC_IMPLEMENTATIONS = YES;
				CLANG_WARN_DIRECT_OBJC_ISA_USAGE = YES_ERROR;
				CLANG_WARN_DOCUMENTATION_COMMENTS = YES;
				CLANG_WARN_EMPTY_BODY = YES;
				CLANG_WARN_ENUM_CONVERSION = YES;
				CLANG_WARN_INFINITE_RECURSION = YES;
				CLANG_WARN_INT_CONVERSION = YES;
				CLANG_WARN_NON_LITERAL_NULL_CONVERSION = YES;
				CLANG_WARN_OBJC_IMPLICIT_RETAIN_SELF = YES;
				CLANG_WARN_OBJC_LITERAL_CONVERSION = YES;
				CLANG_WARN_OBJC_ROOT_CLASS = YES_ERROR;
				CLANG_WARN_QUOTED_INCLUDE_IN_FRAMEWORK_HEADER = YES;
				CLANG_WARN_RANGE_LOOP_ANALYSIS = YES;
				CLANG_WARN_STRICT_PROTOTYPES = YES;
				CLANG_WARN_SUSPICIOUS_MOVE = YES;
				CLANG_WARN_UNGUARDED_AVAILABILITY = YES_AGGRESSIVE;
				CLANG_WARN_UNREACHABLE_CODE = YES;
				CLANG_WARN__DUPLICATE_METHOD_MATCH = YES;
				COPY_PHASE_STRIP = NO;
				DEBUG_INFORMATION_FORMAT = "dwarf-with-dsym";
				ENABLE_NS_ASSERTIONS = NO;
				ENABLE_STRICT_OBJC_MSGSEND = YES;
				GCC_C_LANGUAGE_STANDARD = gnu11;
				GCC_NO_COMMON_BLOCKS = YES;
				GCC_WARN_64_TO_32_BIT_CONVERSION = YES;
				GCC_WARN_ABOUT_RETURN_TYPE = YES_ERROR;
				GCC_WARN_UNDECLARED_SELECTOR = YES;
				GCC_WARN_UNINITIALIZED_AUTOS = YES_AGGRESSIVE;
				GCC_WARN_UNUSED_FUNCTION = YES;
				GCC_WARN_UNUSED_VARIABLE = YES;
				IPHONEOS_DEPLOYMENT_TARGET = 15.5;
				MTL_ENABLE_DEBUG_INFO = NO;
				MTL_FAST_MATH = YES;
				SDKROOT = iphoneos;
				SWIFT_COMPILATION_MODE = wholemodule;
				SWIFT_OPTIMIZATION_LEVEL = "-O";
				VALIDATE_PRODUCT = YES;
			};
			name = Release;
		};
		CB64E3902866F67C00F898E5 /* Debug */ = {
			isa = XCBuildConfiguration;
			buildSettings = {
				ASSETCATALOG_COMPILER_APPICON_NAME = AppIcon;
				ASSETCATALOG_COMPILER_GLOBAL_ACCENT_COLOR_NAME = AccentColor;
				CODE_SIGN_STYLE = Automatic;
				CURRENT_PROJECT_VERSION = 1;
				GENERATE_INFOPLIST_FILE = YES;
				INFOPLIST_FILE = Xylophone/Info.plist;
				INFOPLIST_KEY_UIApplicationSupportsIndirectInputEvents = YES;
				INFOPLIST_KEY_UILaunchStoryboardName = LaunchScreen;
				INFOPLIST_KEY_UIMainStoryboardFile = Main;
				INFOPLIST_KEY_UISupportedInterfaceOrientations = "UIInterfaceOrientationPortrait UIInterfaceOrientationLandscapeLeft UIInterfaceOrientationLandscapeRight UIInterfaceOrientationPortraitUpsideDown";
				INFOPLIST_KEY_UISupportedInterfaceOrientations_iPad = "UIInterfaceOrientationPortrait UIInterfaceOrientationPortraitUpsideDown UIInterfaceOrientationLandscapeLeft UIInterfaceOrientationLandscapeRight";
				INFOPLIST_KEY_UISupportedInterfaceOrientations_iPhone = "UIInterfaceOrientationPortrait UIInterfaceOrientationLandscapeLeft UIInterfaceOrientationLandscapeRight";
				LD_RUNPATH_SEARCH_PATHS = (
					"$(inherited)",
					"@executable_path/Frameworks",
				);
				MARKETING_VERSION = 1.0;
				PRODUCT_BUNDLE_IDENTIFIER = com.swantanbarua.Xylophone;
				PRODUCT_NAME = "$(TARGET_NAME)";
				SWIFT_EMIT_LOC_STRINGS = YES;
				SWIFT_VERSION = 5.0;
				TARGETED_DEVICE_FAMILY = "1,2";
			};
			name = Debug;
		};
		CB64E3912866F67C00F898E5 /* Release */ = {
			isa = XCBuildConfiguration;
			buildSettings = {
				ASSETCATALOG_COMPILER_APPICON_NAME = AppIcon;
				ASSETCATALOG_COMPILER_GLOBAL_ACCENT_COLOR_NAME = AccentColor;
				CODE_SIGN_STYLE = Automatic;
				CURRENT_PROJECT_VERSION = 1;
				GENERATE_INFOPLIST_FILE = YES;
				INFOPLIST_FILE = Xylophone/Info.plist;
				INFOPLIST_KEY_UIApplicationSupportsIndirectInputEvents = YES;
				INFOPLIST_KEY_UILaunchStoryboardName = LaunchScreen;
				INFOPLIST_KEY_UIMainStoryboardFile = Main;
				INFOPLIST_KEY_UISupportedInterfaceOrientations = "UIInterfaceOrientationPortrait UIInterfaceOrientationLandscapeLeft UIInterfaceOrientationLandscapeRight UIInterfaceOrientationPortraitUpsideDown";
				INFOPLIST_KEY_UISupportedInterfaceOrientations_iPad = "UIInterfaceOrientationPortrait UIInterfaceOrientationPortraitUpsideDown UIInterfaceOrientationLandscapeLeft UIInterfaceOrientationLandscapeRight";
				INFOPLIST_KEY_UISupportedInterfaceOrientations_iPhone = "UIInterfaceOrientationPortrait UIInterfaceOrientationLandscapeLeft UIInterfaceOrientationLandscapeRight";
				LD_RUNPATH_SEARCH_PATHS = (
					"$(inherited)",
					"@executable_path/Frameworks",
				);
				MARKETING_VERSION = 1.0;
				PRODUCT_BUNDLE_IDENTIFIER = com.swantanbarua.Xylophone;
				PRODUCT_NAME = "$(TARGET_NAME)";
				SWIFT_EMIT_LOC_STRINGS = YES;
				SWIFT_VERSION = 5.0;
				TARGETED_DEVICE_FAMILY = "1,2";
			};
			name = Release;
		};
/* End XCBuildConfiguration section */

/* Begin XCConfigurationList section */
		CB64E3762866F67A00F898E5 /* Build configuration list for PBXProject "Xylophone" */ = {
			isa = XCConfigurationList;
			buildConfigurations = (
				CB64E38D2866F67C00F898E5 /* Debug */,
				CB64E38E2866F67C00F898E5 /* Release */,
			);
			defaultConfigurationIsVisible = 0;
			defaultConfigurationName = Release;
		};
		CB64E38F2866F67C00F898E5 /* Build configuration list for PBXNativeTarget "Xylophone" */ = {
			isa = XCConfigurationList;
			buildConfigurations = (
				CB64E3902866F67C00F898E5 /* Debug */,
				CB64E3912866F67C00F898E5 /* Release */,
			);
			defaultConfigurationIsVisible = 0;
			defaultConfigurationName = Release;
		};
/* End XCConfigurationList section */
	};
	rootObject = CB64E3732866F67A00F898E5 /* Project object */;
}
